
Microsoft Visual Studio Solution File, Format Version 12.00
# Visual Studio Version 17
VisualStudioVersion = 17.10.35201.131
MinimumVisualStudioVersion = 10.0.40219.1
Project("{9A19103F-16F7-4668-BE54-9A1E7A4F7556}") = "Skinet.API", "Skinet.API\Skinet.API.csproj", "{C1E4E05C-A683-4FBC-A283-2BAE007B5E98}"
EndProject
Project("{9A19103F-16F7-4668-BE54-9A1E7A4F7556}") = "Skinet.Core", "Skinet.Core\Skinet.Core.csproj", "{EB9C7C7D-9D6D-45E2-89D5-12CDBE36E44A}"
EndProject
Project("{9A19103F-16F7-4668-BE54-9A1E7A4F7556}") = "Skinet.Infastructure", "Skinet.Infastructure\Skinet.Infastructure.csproj", "{8D75A6CB-8ACA-4DB9-ADF2-3F826001C6EA}"
EndProject
Project("{E53339B2-1760-4266-BCC7-CA923CBCF16C}") = "docker-compose", "docker-compose.dcproj", "{A54A4A9F-AC61-4A1E-BD5B-F5449CA0D8E3}"
EndProject
Global
	GlobalSection(SolutionConfigurationPlatforms) = preSolution
		Debug|Any CPU = Debug|Any CPU
		Release|Any CPU = Release|Any CPU
	EndGlobalSection
	GlobalSection(ProjectConfigurationPlatforms) = postSolution
		{C1E4E05C-A683-4FBC-A283-2BAE007B5E98}.Debug|Any CPU.ActiveCfg = Debug|Any CPU
		{C1E4E05C-A683-4FBC-A283-2BAE007B5E98}.Debug|Any CPU.Build.0 = Debug|Any CPU
		{C1E4E05C-A683-4FBC-A283-2BAE007B5E98}.Release|Any CPU.ActiveCfg = Release|Any CPU
		{C1E4E05C-A683-4FBC-A283-2BAE007B5E98}.Release|Any CPU.Build.0 = Release|Any CPU
		{EB9C7C7D-9D6D-45E2-89D5-12CDBE36E44A}.Debug|Any CPU.ActiveCfg = Debug|Any CPU
		{EB9C7C7D-9D6D-45E2-89D5-12CDBE36E44A}.Debug|Any CPU.Build.0 = Debug|Any CPU
		{EB9C7C7D-9D6D-45E2-89D5-12CDBE36E44A}.Release|Any CPU.ActiveCfg = Release|Any CPU
		{EB9C7C7D-9D6D-45E2-89D5-12CDBE36E44A}.Release|Any CPU.Build.0 = Release|Any CPU
		{8D75A6CB-8ACA-4DB9-ADF2-3F826001C6EA}.Debug|Any CPU.ActiveCfg = Debug|Any CPU
		{8D75A6CB-8ACA-4DB9-ADF2-3F826001C6EA}.Debug|Any CPU.Build.0 = Debug|Any CPU
		{8D75A6CB-8ACA-4DB9-ADF2-3F826001C6EA}.Release|Any CPU.ActiveCfg = Release|Any CPU
		{8D75A6CB-8ACA-4DB9-ADF2-3F826001C6EA}.Release|Any CPU.Build.0 = Release|Any CPU
		{A54A4A9F-AC61-4A1E-BD5B-F5449CA0D8E3}.Debug|Any CPU.ActiveCfg = Debug|Any CPU
		{A54A4A9F-AC61-4A1E-BD5B-F5449CA0D8E3}.Debug|Any CPU.Build.0 = Debug|Any CPU
		{A54A4A9F-AC61-4A1E-BD5B-F5449CA0D8E3}.Release|Any CPU.ActiveCfg = Release|Any CPU
		{A54A4A9F-AC61-4A1E-BD5B-F5449CA0D8E3}.Release|Any CPU.Build.0 = Release|Any CPU
	EndGlobalSection
	GlobalSection(SolutionProperties) = preSolution
		HideSolutionNode = FALSE
	EndGlobalSection
	GlobalSection(ExtensibilityGlobals) = postSolution
		SolutionGuid = {9787AC16-D34A-422E-B709-6CF7216AE076}
	EndGlobalSection
EndGlobal
